{
  "version": 4,
  "terraform_version": "1.6.6",
  "serial": 40,
  "lineage": "d575669e-cab0-db2f-581f-79b680d6d79d",
  "outputs": {
    "app-alb_arn": {
      "value": "arn:aws:elasticloadbalancing:us-west-2:277741577842:loadbalancer/app/tf-apptier-alb/7784af9cd98c7e23",
      "type": "string"
    },
    "appTier-tg-arn": {
      "value": "arn:aws:elasticloadbalancing:us-west-2:277741577842:targetgroup/tf-appTier-tg/d2170a33193d9982",
      "type": "string"
    },
    "apptier_lt-id": {
      "value": "lt-0d475b5a28012a13b",
      "type": "string"
    },
    "eip_id": {
      "value": "eipalloc-065ff0b7aa44d2b81",
      "type": "string"
    },
    "igw_id": {
      "value": "igw-045116d7ea8df1a04",
      "type": "string"
    },
    "nat_id": {
      "value": "nat-0ed0c058b8ecc8ba9",
      "type": "string"
    },
    "private_rt_id": {
      "value": "rtb-0966bca42d58d2fe5",
      "type": "string"
    },
    "public_rt_id": {
      "value": "rtb-088076dbb9a5bd6ed",
      "type": "string"
    },
    "sg_alb_app_id": {
      "value": "sg-02c368967fbd89395",
      "type": "string"
    },
    "sg_alb_web_id": {
      "value": "sg-0d9d6e289c144b011",
      "type": "string"
    },
    "sg_rds_id": {
      "value": "sg-0a22143682acb51af",
      "type": "string"
    },
    "subnet-priv-1a-id": {
      "value": "subnet-0dbed1bf1984fc170",
      "type": "string"
    },
    "subnet-priv-1b-id": {
      "value": "subnet-082c0f571f7b3e706",
      "type": "string"
    },
    "subnet-pub-1a-id": {
      "value": "subnet-02cdf30352a50f14b",
      "type": "string"
    },
    "subnet-pub-1b-id": {
      "value": "subnet-02ee244a39da85b15",
      "type": "string"
    },
    "subnet-rds-priv-1a-id": {
      "value": "subnet-057d7a7298d978eb2",
      "type": "string"
    },
    "subnet-rds-priv-1b-id": {
      "value": "subnet-0d2e91d109126a5c7",
      "type": "string"
    },
    "subnet_group_id": {
      "value": "tf-main",
      "type": "string"
    },
    "vpc_id": {
      "value": "vpc-02d9ece77d4d1e696",
      "type": "string"
    },
    "web-alb_arn": {
      "value": "arn:aws:elasticloadbalancing:us-west-2:277741577842:loadbalancer/app/tf-webtier-alb/2bd491c89075152c",
      "type": "string"
    },
    "webTier-tg-arn": {
      "value": "arn:aws:elasticloadbalancing:us-west-2:277741577842:targetgroup/tf-webTier-tg/86c51fb8440caea7",
      "type": "string"
    },
    "webtier_lt-id": {
      "value": "lt-009969a5493322d2f",
      "type": "string"
    }
  },
  "resources": [
    {
      "mode": "managed",
      "type": "aws_key_pair",
      "name": "key",
      "provider": "provider[\"registry.terraform.io/hashicorp/aws\"]",
      "instances": [
        {
          "schema_version": 1,
          "attributes": {
            "arn": "arn:aws:ec2:us-west-2:277741577842:key-pair/tf-keypair",
            "fingerprint": "xCeSKJZ9FsnuIcXvdOrI3BjjgTRSI2m80PybNOaiFAo=",
            "id": "tf-keypair",
            "key_name": "tf-keypair",
            "key_name_prefix": "",
            "key_pair_id": "key-029d5e39ac51fded6",
            "key_type": "ed25519",
            "public_key": "ssh-ed25519 AAAAC3NzaC1lZDI1NTE5AAAAIETsAgsHKNj76y89wm+hF6j5B+d7reS2QH+L/y3NHO0N shuhx7@gmail.com",
            "tags": null,
            "tags_all": {}
          },
          "sensitive_attributes": [],
          "private": "eyJzY2hlbWFfdmVyc2lvbiI6IjEifQ=="
        }
      ]
    },
    {
      "mode": "managed",
      "type": "aws_security_group_rule",
      "name": "rds_connection",
      "provider": "provider[\"registry.terraform.io/hashicorp/aws\"]",
      "instances": [
        {
          "schema_version": 2,
          "attributes": {
            "cidr_blocks": null,
            "description": null,
            "from_port": 3306,
            "id": "sgrule-3876184001",
            "ipv6_cidr_blocks": null,
            "prefix_list_ids": null,
            "protocol": "tcp",
            "security_group_id": "sg-0e8e4c776c2f78424",
            "security_group_rule_id": "sgr-035d62baf78bff4ed",
            "self": false,
            "source_security_group_id": "sg-0a22143682acb51af",
            "timeouts": null,
            "to_port": 3306,
            "type": "ingress"
          },
          "sensitive_attributes": [],
          "private": "eyJlMmJmYjczMC1lY2FhLTExZTYtOGY4OC0zNDM2M2JjN2M0YzAiOnsiY3JlYXRlIjozMDAwMDAwMDAwMDB9LCJzY2hlbWFfdmVyc2lvbiI6IjIifQ==",
          "dependencies": [
            "module.my_vpc.aws_vpc.my_vpc",
            "module.sg_alb_web.aws_security_group.sg",
            "module.sg_app_server.aws_security_group.sg",
            "module.sg_rds.aws_security_group.sg"
          ]
        }
      ]
    },
    {
      "module": "module.app-alb",
      "mode": "managed",
      "type": "aws_lb",
      "name": "my_alb",
      "provider": "provider[\"registry.terraform.io/hashicorp/aws\"]",
      "instances": [
        {
          "schema_version": 0,
          "attributes": {
            "access_logs": [
              {
                "bucket": "",
                "enabled": false,
                "prefix": ""
              }
            ],
            "arn": "arn:aws:elasticloadbalancing:us-west-2:277741577842:loadbalancer/app/tf-apptier-alb/7784af9cd98c7e23",
            "arn_suffix": "app/tf-apptier-alb/7784af9cd98c7e23",
            "connection_logs": [
              {
                "bucket": "",
                "enabled": false,
                "prefix": ""
              }
            ],
            "customer_owned_ipv4_pool": "",
            "desync_mitigation_mode": "defensive",
            "dns_name": "internal-tf-apptier-alb-859815157.us-west-2.elb.amazonaws.com",
            "dns_record_client_routing_policy": null,
            "drop_invalid_header_fields": false,
            "enable_cross_zone_load_balancing": true,
            "enable_deletion_protection": false,
            "enable_http2": true,
            "enable_tls_version_and_cipher_suite_headers": false,
            "enable_waf_fail_open": false,
            "enable_xff_client_port": false,
            "enforce_security_group_inbound_rules_on_private_link_traffic": "",
            "id": "arn:aws:elasticloadbalancing:us-west-2:277741577842:loadbalancer/app/tf-apptier-alb/7784af9cd98c7e23",
            "idle_timeout": 60,
            "internal": true,
            "ip_address_type": "ipv4",
            "load_balancer_type": "application",
            "name": "tf-apptier-alb",
            "name_prefix": "",
            "preserve_host_header": false,
            "security_groups": [
              "sg-02c368967fbd89395"
            ],
            "subnet_mapping": [
              {
                "allocation_id": "",
                "ipv6_address": "",
                "outpost_id": "",
                "private_ipv4_address": "",
                "subnet_id": "subnet-082c0f571f7b3e706"
              },
              {
                "allocation_id": "",
                "ipv6_address": "",
                "outpost_id": "",
                "private_ipv4_address": "",
                "subnet_id": "subnet-0dbed1bf1984fc170"
              }
            ],
            "subnets": [
              "subnet-082c0f571f7b3e706",
              "subnet-0dbed1bf1984fc170"
            ],
            "tags": {
              "Kind": "practice",
              "Name": "tf-apptier-alb"
            },
            "tags_all": {
              "Kind": "practice",
              "Name": "tf-apptier-alb"
            },
            "timeouts": null,
            "vpc_id": "vpc-02d9ece77d4d1e696",
            "xff_header_processing_mode": "append",
            "zone_id": "Z1H1FL5HABSF5"
          },
          "sensitive_attributes": [],
          "private": "eyJlMmJmYjczMC1lY2FhLTExZTYtOGY4OC0zNDM2M2JjN2M0YzAiOnsiY3JlYXRlIjo2MDAwMDAwMDAwMDAsImRlbGV0ZSI6NjAwMDAwMDAwMDAwLCJ1cGRhdGUiOjYwMDAwMDAwMDAwMH19",
          "dependencies": [
            "module.my_vpc.aws_vpc.my_vpc",
            "module.sg_alb_app.aws_security_group.sg",
            "module.subnet-priv-1a.aws_subnet.subnet",
            "module.subnet-priv-1b.aws_subnet.subnet"
          ]
        }
      ]
    },
    {
      "module": "module.appTier-tg",
      "mode": "managed",
      "type": "aws_lb_target_group",
      "name": "tg",
      "provider": "provider[\"registry.terraform.io/hashicorp/aws\"]",
      "instances": [
        {
          "schema_version": 0,
          "attributes": {
            "arn": "arn:aws:elasticloadbalancing:us-west-2:277741577842:targetgroup/tf-appTier-tg/d2170a33193d9982",
            "arn_suffix": "targetgroup/tf-appTier-tg/d2170a33193d9982",
            "connection_termination": null,
            "deregistration_delay": "300",
            "health_check": [
              {
                "enabled": true,
                "healthy_threshold": 5,
                "interval": 30,
                "matcher": "200",
                "path": "/",
                "port": "traffic-port",
                "protocol": "HTTP",
                "timeout": 5,
                "unhealthy_threshold": 2
              }
            ],
            "id": "arn:aws:elasticloadbalancing:us-west-2:277741577842:targetgroup/tf-appTier-tg/d2170a33193d9982",
            "ip_address_type": "ipv4",
            "lambda_multi_value_headers_enabled": false,
            "load_balancer_arns": [],
            "load_balancing_algorithm_type": "round_robin",
            "load_balancing_anomaly_mitigation": "off",
            "load_balancing_cross_zone_enabled": "use_load_balancer_configuration",
            "name": "tf-appTier-tg",
            "name_prefix": "",
            "port": 80,
            "preserve_client_ip": null,
            "protocol": "HTTP",
            "protocol_version": "HTTP1",
            "proxy_protocol_v2": false,
            "slow_start": 0,
            "stickiness": [
              {
                "cookie_duration": 86400,
                "cookie_name": "",
                "enabled": false,
                "type": "lb_cookie"
              }
            ],
            "tags": {
              "Kind": "practice",
              "Name": "tf-apptier-tg"
            },
            "tags_all": {
              "Kind": "practice",
              "Name": "tf-apptier-tg"
            },
            "target_failover": [
              {
                "on_deregistration": null,
                "on_unhealthy": null
              }
            ],
            "target_health_state": [
              {
                "enable_unhealthy_connection_termination": null
              }
            ],
            "target_type": "instance",
            "vpc_id": "vpc-02d9ece77d4d1e696"
          },
          "sensitive_attributes": [],
          "private": "bnVsbA==",
          "dependencies": [
            "module.my_vpc.aws_vpc.my_vpc"
          ]
        }
      ]
    },
    {
      "module": "module.app_asg1",
      "mode": "managed",
      "type": "aws_autoscaling_group",
      "name": "my_asg1",
      "provider": "provider[\"registry.terraform.io/hashicorp/aws\"]",
      "instances": [
        {
          "schema_version": 1,
          "attributes": {
            "arn": "arn:aws:autoscaling:us-west-2:277741577842:autoScalingGroup:4f150b12-8d7d-4f12-8d89-faa14417c4eb:autoScalingGroupName/terraform-20240305144209152500000007",
            "availability_zones": [
              "us-west-2a"
            ],
            "capacity_rebalance": false,
            "context": "",
            "default_cooldown": 300,
            "default_instance_warmup": 0,
            "desired_capacity": 1,
            "desired_capacity_type": "",
            "enabled_metrics": null,
            "force_delete": false,
            "force_delete_warm_pool": false,
            "health_check_grace_period": 300,
            "health_check_type": "EC2",
            "id": "terraform-20240305144209152500000007",
            "ignore_failed_scaling_activities": false,
            "initial_lifecycle_hook": [],
            "instance_maintenance_policy": [],
            "instance_refresh": [],
            "launch_configuration": "",
            "launch_template": [
              {
                "id": "lt-0d475b5a28012a13b",
                "name": "tf-appserver-20240305144208684900000004",
                "version": "$Latest"
              }
            ],
            "load_balancers": [],
            "max_instance_lifetime": 0,
            "max_size": 1,
            "metrics_granularity": "1Minute",
            "min_elb_capacity": null,
            "min_size": 1,
            "mixed_instances_policy": [],
            "name": "terraform-20240305144209152500000007",
            "name_prefix": "terraform-",
            "placement_group": "",
            "predicted_capacity": 0,
            "protect_from_scale_in": false,
            "service_linked_role_arn": "arn:aws:iam::277741577842:role/aws-service-role/autoscaling.amazonaws.com/AWSServiceRoleForAutoScaling",
            "suspended_processes": null,
            "tag": [],
            "target_group_arns": [
              "arn:aws:elasticloadbalancing:us-west-2:277741577842:targetgroup/tf-appTier-tg/d2170a33193d9982"
            ],
            "termination_policies": null,
            "timeouts": null,
            "traffic_source": [
              {
                "identifier": "arn:aws:elasticloadbalancing:us-west-2:277741577842:targetgroup/tf-appTier-tg/d2170a33193d9982",
                "type": "elbv2"
              }
            ],
            "vpc_zone_identifier": [
              "subnet-0dbed1bf1984fc170"
            ],
            "wait_for_capacity_timeout": "10m",
            "wait_for_elb_capacity": null,
            "warm_pool": [],
            "warm_pool_size": 0
          },
          "sensitive_attributes": [],
          "private": "eyJlMmJmYjczMC1lY2FhLTExZTYtOGY4OC0zNDM2M2JjN2M0YzAiOnsiZGVsZXRlIjo2MDAwMDAwMDAwMDAsInVwZGF0ZSI6NjAwMDAwMDAwMDAwfSwic2NoZW1hX3ZlcnNpb24iOiIxIn0=",
          "dependencies": [
            "module.appTier-tg.aws_lb_target_group.tg",
            "module.apptier_lt.aws_launch_template.lt",
            "module.my_vpc.aws_vpc.my_vpc",
            "module.sg_alb_web.aws_security_group.sg",
            "module.sg_app_server.aws_security_group.sg",
            "module.subnet-priv-1a.aws_subnet.subnet"
          ]
        }
      ]
    },
    {
      "module": "module.app_asg2",
      "mode": "managed",
      "type": "aws_autoscaling_group",
      "name": "my_asg1",
      "provider": "provider[\"registry.terraform.io/hashicorp/aws\"]",
      "instances": [
        {
          "schema_version": 1,
          "attributes": {
            "arn": "arn:aws:autoscaling:us-west-2:277741577842:autoScalingGroup:1cf19e58-1a6c-47bc-b63c-97e23dae2687:autoScalingGroupName/terraform-20240305144209152500000006",
            "availability_zones": [
              "us-west-2b"
            ],
            "capacity_rebalance": false,
            "context": "",
            "default_cooldown": 300,
            "default_instance_warmup": 0,
            "desired_capacity": 1,
            "desired_capacity_type": "",
            "enabled_metrics": null,
            "force_delete": false,
            "force_delete_warm_pool": false,
            "health_check_grace_period": 300,
            "health_check_type": "EC2",
            "id": "terraform-20240305144209152500000006",
            "ignore_failed_scaling_activities": false,
            "initial_lifecycle_hook": [],
            "instance_maintenance_policy": [],
            "instance_refresh": [],
            "launch_configuration": "",
            "launch_template": [
              {
                "id": "lt-0d475b5a28012a13b",
                "name": "tf-appserver-20240305144208684900000004",
                "version": "$Latest"
              }
            ],
            "load_balancers": [],
            "max_instance_lifetime": 0,
            "max_size": 1,
            "metrics_granularity": "1Minute",
            "min_elb_capacity": null,
            "min_size": 1,
            "mixed_instances_policy": [],
            "name": "terraform-20240305144209152500000006",
            "name_prefix": "terraform-",
            "placement_group": "",
            "predicted_capacity": 0,
            "protect_from_scale_in": false,
            "service_linked_role_arn": "arn:aws:iam::277741577842:role/aws-service-role/autoscaling.amazonaws.com/AWSServiceRoleForAutoScaling",
            "suspended_processes": null,
            "tag": [],
            "target_group_arns": [
              "arn:aws:elasticloadbalancing:us-west-2:277741577842:targetgroup/tf-appTier-tg/d2170a33193d9982"
            ],
            "termination_policies": null,
            "timeouts": null,
            "traffic_source": [
              {
                "identifier": "arn:aws:elasticloadbalancing:us-west-2:277741577842:targetgroup/tf-appTier-tg/d2170a33193d9982",
                "type": "elbv2"
              }
            ],
            "vpc_zone_identifier": [
              "subnet-082c0f571f7b3e706"
            ],
            "wait_for_capacity_timeout": "10m",
            "wait_for_elb_capacity": null,
            "warm_pool": [],
            "warm_pool_size": 0
          },
          "sensitive_attributes": [],
          "private": "eyJlMmJmYjczMC1lY2FhLTExZTYtOGY4OC0zNDM2M2JjN2M0YzAiOnsiZGVsZXRlIjo2MDAwMDAwMDAwMDAsInVwZGF0ZSI6NjAwMDAwMDAwMDAwfSwic2NoZW1hX3ZlcnNpb24iOiIxIn0=",
          "dependencies": [
            "module.appTier-tg.aws_lb_target_group.tg",
            "module.apptier_lt.aws_launch_template.lt",
            "module.my_vpc.aws_vpc.my_vpc",
            "module.sg_alb_web.aws_security_group.sg",
            "module.sg_app_server.aws_security_group.sg",
            "module.subnet-priv-1b.aws_subnet.subnet"
          ]
        }
      ]
    },
    {
      "module": "module.apptier_lt",
      "mode": "managed",
      "type": "aws_launch_template",
      "name": "lt",
      "provider": "provider[\"registry.terraform.io/hashicorp/aws\"]",
      "instances": [
        {
          "schema_version": 0,
          "attributes": {
            "arn": "arn:aws:ec2:us-west-2:277741577842:launch-template/lt-0d475b5a28012a13b",
            "block_device_mappings": [],
            "capacity_reservation_specification": [],
            "cpu_options": [],
            "credit_specification": [],
            "default_version": 1,
            "description": "",
            "disable_api_stop": false,
            "disable_api_termination": false,
            "ebs_optimized": "",
            "elastic_gpu_specifications": [],
            "elastic_inference_accelerator": [],
            "enclave_options": [],
            "hibernation_options": [],
            "iam_instance_profile": [],
            "id": "lt-0d475b5a28012a13b",
            "image_id": "ami-01450e8988a4e7f44",
            "instance_initiated_shutdown_behavior": "",
            "instance_market_options": [],
            "instance_requirements": [],
            "instance_type": "t2.micro",
            "kernel_id": "",
            "key_name": "tf-keypair",
            "latest_version": 1,
            "license_specification": [],
            "maintenance_options": [],
            "metadata_options": [],
            "monitoring": [],
            "name": "tf-appserver-20240305144208684900000004",
            "name_prefix": "tf-appserver-",
            "network_interfaces": [],
            "placement": [],
            "private_dns_name_options": [],
            "ram_disk_id": "",
            "security_group_names": null,
            "tag_specifications": [],
            "tags": {
              "Kind": "practice",
              "Name": "tf-webtier_lt"
            },
            "tags_all": {
              "Kind": "practice",
              "Name": "tf-webtier_lt"
            },
            "update_default_version": null,
            "user_data": "IyEvYmluL2Jhc2ggLWV4DQogew0KICMgVXBkYXRlIHRoZSBzeXN0ZW0NCiBzdWRvIGRuZiAteSB1cGRhdGUNCiAgIyBJbnN0YWxsIE15U1FMIENvbW11bml0eSBTZXJ2ZXINCiBzdWRvIGRuZiAteSBpbnN0YWxsIGh0dHBzOi8vZGV2Lm15c3FsLmNvbS9nZXQvbXlzcWw4MC1jb21tdW5pdHktcmVsZWFzZS1lbDktMS5ub2FyY2gucnBtDQogc3VkbyBkbmYgLXkgdXBkYXRlDQogc3VkbyBkbmYgLXkgaW5zdGFsbCBteXNxbC1jb21tdW5pdHktc2VydmVyDQogDQogIyBTdGFydCBhbmQgZW5hYmxlIE15U1FMDQogc3VkbyBzeXN0ZW1jdGwgc3RhcnQgbXlzcWxkDQogc3VkbyBzeXN0ZW1jdGwgZW5hYmxlIG15c3FsZA0KIA0KICMgSW5zdGFsbCBBcGFjaGUgYW5kIFBIUA0KIHN1ZG8gZG5mIC15IGluc3RhbGwgaHR0cGQgcGhwDQogDQogIyBTdGFydCBhbmQgZW5hYmxlIEFwYWNoZQ0KIHN1ZG8gc3lzdGVtY3RsIHN0YXJ0IGh0dHBkDQogc3VkbyBzeXN0ZW1jdGwgZW5hYmxlIGh0dHBkDQogY2QgL3Zhci93d3cvaHRtbA0KIHN1ZG8gd2dldCBodHRwczovL2F3cy10Yy1sYXJnZW9iamVjdHMuczMtdXMtd2VzdC0yLmFtYXpvbmF3cy5jb20vSUxULVRGLTIwMC1BQ0FDQUQtMjAtRU4vY2Fwc3RvbmUtcHJvamVjdC9FeGFtcGxlLnppcA0KIHN1ZG8gdW56aXAgRXhhbXBsZS56aXANCiBzdWRvIGNob3duIGFwYWNoZTpyb290IC92YXIvd3d3L2h0bWwvZ2V0LXBhcmFtZXRlcnMucGhwDQogfSAmPiAvdmFyL2xvZy91c2VyX2RhdGEubG9n",
            "vpc_security_group_ids": [
              "sg-0e8e4c776c2f78424"
            ]
          },
          "sensitive_attributes": [],
          "private": "bnVsbA==",
          "dependencies": [
            "module.my_vpc.aws_vpc.my_vpc",
            "module.sg_alb_web.aws_security_group.sg",
            "module.sg_app_server.aws_security_group.sg"
          ]
        }
      ]
    },
    {
      "module": "module.db",
      "mode": "managed",
      "type": "aws_db_instance",
      "name": "db",
      "provider": "provider[\"registry.terraform.io/hashicorp/aws\"]",
      "instances": [
        {
          "schema_version": 2,
          "attributes": {
            "address": "tf-db.c96i2k6au4ro.us-west-2.rds.amazonaws.com",
            "allocated_storage": 10,
            "allow_major_version_upgrade": null,
            "apply_immediately": false,
            "arn": "arn:aws:rds:us-west-2:277741577842:db:tf-db",
            "auto_minor_version_upgrade": true,
            "availability_zone": "us-west-2b",
            "backup_retention_period": 0,
            "backup_target": "region",
            "backup_window": "12:45-13:15",
            "blue_green_update": [],
            "ca_cert_identifier": "rds-ca-rsa2048-g1",
            "character_set_name": "",
            "copy_tags_to_snapshot": false,
            "custom_iam_instance_profile": "",
            "customer_owned_ip_enabled": false,
            "db_name": "mydb",
            "db_subnet_group_name": "tf-main",
            "delete_automated_backups": true,
            "deletion_protection": false,
            "domain": "",
            "domain_auth_secret_arn": "",
            "domain_dns_ips": null,
            "domain_fqdn": "",
            "domain_iam_role_name": "",
            "domain_ou": "",
            "enabled_cloudwatch_logs_exports": null,
            "endpoint": "tf-db.c96i2k6au4ro.us-west-2.rds.amazonaws.com:3306",
            "engine": "mysql",
            "engine_version": "5.7",
            "engine_version_actual": "5.7.44",
            "final_snapshot_identifier": null,
            "hosted_zone_id": "Z1PVIF0B656C1W",
            "iam_database_authentication_enabled": false,
            "id": "db-HCJSH2UNGYOSXL4U7EW76EE6RI",
            "identifier": "tf-db",
            "identifier_prefix": "",
            "instance_class": "db.t3.micro",
            "iops": 0,
            "kms_key_id": "",
            "latest_restorable_time": "",
            "license_model": "general-public-license",
            "listener_endpoint": [],
            "maintenance_window": "thu:09:31-thu:10:01",
            "manage_master_user_password": true,
            "master_user_secret": [
              {
                "kms_key_id": "arn:aws:kms:us-west-2:277741577842:key/fcb0cca3-1d8f-47e5-a28f-f62ecbae769f",
                "secret_arn": "arn:aws:secretsmanager:us-west-2:277741577842:secret:rds!db-c203b233-e667-43a1-9cfa-0c41813bcdbf-lVEQIX",
                "secret_status": "active"
              }
            ],
            "master_user_secret_kms_key_id": null,
            "max_allocated_storage": 20,
            "monitoring_interval": 0,
            "monitoring_role_arn": "",
            "multi_az": true,
            "nchar_character_set_name": "",
            "network_type": "IPV4",
            "option_group_name": "default:mysql-5-7",
            "parameter_group_name": "default.mysql5.7",
            "password": null,
            "performance_insights_enabled": false,
            "performance_insights_kms_key_id": "",
            "performance_insights_retention_period": 0,
            "port": 3306,
            "publicly_accessible": false,
            "replica_mode": "",
            "replicas": [],
            "replicate_source_db": "",
            "resource_id": "db-HCJSH2UNGYOSXL4U7EW76EE6RI",
            "restore_to_point_in_time": [],
            "s3_import": [],
            "skip_final_snapshot": true,
            "snapshot_identifier": null,
            "status": "available",
            "storage_encrypted": false,
            "storage_throughput": 0,
            "storage_type": "gp2",
            "tags": {
              "Kind": "practice",
              "Name": "tf-db"
            },
            "tags_all": {
              "Kind": "practice",
              "Name": "tf-db"
            },
            "timeouts": null,
            "timezone": "",
            "username": "harshita",
            "vpc_security_group_ids": [
              "sg-0a22143682acb51af"
            ]
          },
          "sensitive_attributes": [],
          "private": "eyJlMmJmYjczMC1lY2FhLTExZTYtOGY4OC0zNDM2M2JjN2M0YzAiOnsiY3JlYXRlIjoyNDAwMDAwMDAwMDAwLCJkZWxldGUiOjM2MDAwMDAwMDAwMDAsInVwZGF0ZSI6NDgwMDAwMDAwMDAwMH0sInNjaGVtYV92ZXJzaW9uIjoiMiJ9",
          "dependencies": [
            "module.db_subnet_group.aws_db_subnet_group.subnet_group",
            "module.my_vpc.aws_vpc.my_vpc",
            "module.sg_alb_web.aws_security_group.sg",
            "module.sg_app_server.aws_security_group.sg",
            "module.sg_rds.aws_security_group.sg",
            "module.subnet-rds-priv-1a.aws_subnet.subnet",
            "module.subnet-rds-priv-1b.aws_subnet.subnet"
          ]
        }
      ]
    },
    {
      "module": "module.db_subnet_group",
      "mode": "managed",
      "type": "aws_db_subnet_group",
      "name": "subnet_group",
      "provider": "provider[\"registry.terraform.io/hashicorp/aws\"]",
      "instances": [
        {
          "schema_version": 0,
          "attributes": {
            "arn": "arn:aws:rds:us-west-2:277741577842:subgrp:tf-main",
            "description": "Managed by Terraform",
            "id": "tf-main",
            "name": "tf-main",
            "name_prefix": "",
            "subnet_ids": [
              "subnet-057d7a7298d978eb2",
              "subnet-0d2e91d109126a5c7"
            ],
            "supported_network_types": [
              "IPV4"
            ],
            "tags": {
              "Kind": "Practice",
              "Name": "My tf-DB subnet group"
            },
            "tags_all": {
              "Kind": "Practice",
              "Name": "My tf-DB subnet group"
            },
            "vpc_id": "vpc-02d9ece77d4d1e696"
          },
          "sensitive_attributes": [],
          "private": "bnVsbA==",
          "dependencies": [
            "module.my_vpc.aws_vpc.my_vpc",
            "module.subnet-rds-priv-1a.aws_subnet.subnet",
            "module.subnet-rds-priv-1b.aws_subnet.subnet"
          ]
        }
      ]
    },
    {
      "module": "module.eip",
      "mode": "managed",
      "type": "aws_eip",
      "name": "my_eip",
      "provider": "provider[\"registry.terraform.io/hashicorp/aws\"]",
      "instances": [
        {
          "schema_version": 0,
          "attributes": {
            "address": null,
            "allocation_id": "eipalloc-065ff0b7aa44d2b81",
            "associate_with_private_ip": null,
            "association_id": "",
            "carrier_ip": "",
            "customer_owned_ip": "",
            "customer_owned_ipv4_pool": "",
            "domain": "vpc",
            "id": "eipalloc-065ff0b7aa44d2b81",
            "instance": "",
            "network_border_group": "us-west-2",
            "network_interface": "",
            "private_dns": null,
            "private_ip": "",
            "public_dns": "ec2-52-11-143-223.us-west-2.compute.amazonaws.com",
            "public_ip": "52.11.143.223",
            "public_ipv4_pool": "amazon",
            "tags": {
              "Kind": "practice",
              "Name": "tf-eip-1"
            },
            "tags_all": {
              "Kind": "practice",
              "Name": "tf-eip-1"
            },
            "timeouts": null,
            "vpc": true
          },
          "sensitive_attributes": [],
          "private": "eyJlMmJmYjczMC1lY2FhLTExZTYtOGY4OC0zNDM2M2JjN2M0YzAiOnsiZGVsZXRlIjoxODAwMDAwMDAwMDAsInJlYWQiOjkwMDAwMDAwMDAwMCwidXBkYXRlIjozMDAwMDAwMDAwMDB9fQ==",
          "dependencies": [
            "module.igw.aws_internet_gateway.my_igw",
            "module.my_vpc.aws_vpc.my_vpc"
          ]
        }
      ]
    },
    {
      "module": "module.http_listener_app",
      "mode": "managed",
      "type": "aws_lb_listener",
      "name": "lg",
      "provider": "provider[\"registry.terraform.io/hashicorp/aws\"]",
      "instances": [
        {
          "schema_version": 0,
          "attributes": {
            "alpn_policy": null,
            "arn": "arn:aws:elasticloadbalancing:us-west-2:277741577842:listener/app/tf-apptier-alb/7784af9cd98c7e23/a665f71545c2e5df",
            "certificate_arn": null,
            "default_action": [
              {
                "authenticate_cognito": [],
                "authenticate_oidc": [],
                "fixed_response": [],
                "forward": [],
                "order": 1,
                "redirect": [],
                "target_group_arn": "arn:aws:elasticloadbalancing:us-west-2:277741577842:targetgroup/tf-appTier-tg/d2170a33193d9982",
                "type": "forward"
              }
            ],
            "id": "arn:aws:elasticloadbalancing:us-west-2:277741577842:listener/app/tf-apptier-alb/7784af9cd98c7e23/a665f71545c2e5df",
            "load_balancer_arn": "arn:aws:elasticloadbalancing:us-west-2:277741577842:loadbalancer/app/tf-apptier-alb/7784af9cd98c7e23",
            "mutual_authentication": [],
            "port": 80,
            "protocol": "HTTP",
            "ssl_policy": "",
            "tags": null,
            "tags_all": {},
            "timeouts": null
          },
          "sensitive_attributes": [],
          "private": "eyJlMmJmYjczMC1lY2FhLTExZTYtOGY4OC0zNDM2M2JjN2M0YzAiOnsiY3JlYXRlIjozMDAwMDAwMDAwMDAsInVwZGF0ZSI6MzAwMDAwMDAwMDAwfX0=",
          "dependencies": [
            "module.app-alb.aws_lb.my_alb",
            "module.appTier-tg.aws_lb_target_group.tg",
            "module.my_vpc.aws_vpc.my_vpc",
            "module.sg_alb_app.aws_security_group.sg",
            "module.subnet-priv-1a.aws_subnet.subnet",
            "module.subnet-priv-1b.aws_subnet.subnet"
          ]
        }
      ]
    },
    {
      "module": "module.http_listener_web",
      "mode": "managed",
      "type": "aws_lb_listener",
      "name": "lg",
      "provider": "provider[\"registry.terraform.io/hashicorp/aws\"]",
      "instances": [
        {
          "schema_version": 0,
          "attributes": {
            "alpn_policy": null,
            "arn": "arn:aws:elasticloadbalancing:us-west-2:277741577842:listener/app/tf-webtier-alb/2bd491c89075152c/7dd85d3d40a9c4ce",
            "certificate_arn": null,
            "default_action": [
              {
                "authenticate_cognito": [],
                "authenticate_oidc": [],
                "fixed_response": [],
                "forward": [],
                "order": 1,
                "redirect": [],
                "target_group_arn": "arn:aws:elasticloadbalancing:us-west-2:277741577842:targetgroup/tf-webTier-tg/86c51fb8440caea7",
                "type": "forward"
              }
            ],
            "id": "arn:aws:elasticloadbalancing:us-west-2:277741577842:listener/app/tf-webtier-alb/2bd491c89075152c/7dd85d3d40a9c4ce",
            "load_balancer_arn": "arn:aws:elasticloadbalancing:us-west-2:277741577842:loadbalancer/app/tf-webtier-alb/2bd491c89075152c",
            "mutual_authentication": [],
            "port": 80,
            "protocol": "HTTP",
            "ssl_policy": "",
            "tags": null,
            "tags_all": {},
            "timeouts": null
          },
          "sensitive_attributes": [],
          "private": "eyJlMmJmYjczMC1lY2FhLTExZTYtOGY4OC0zNDM2M2JjN2M0YzAiOnsiY3JlYXRlIjozMDAwMDAwMDAwMDAsInVwZGF0ZSI6MzAwMDAwMDAwMDAwfX0=",
          "dependencies": [
            "module.my_vpc.aws_vpc.my_vpc",
            "module.sg_alb_web.aws_security_group.sg",
            "module.subnet-pub-1a.aws_subnet.subnet",
            "module.subnet-pub-1b.aws_subnet.subnet",
            "module.web-alb.aws_lb.my_alb",
            "module.webTier-tg.aws_lb_target_group.tg"
          ]
        }
      ]
    },
    {
      "module": "module.igw",
      "mode": "managed",
      "type": "aws_internet_gateway",
      "name": "my_igw",
      "provider": "provider[\"registry.terraform.io/hashicorp/aws\"]",
      "instances": [
        {
          "schema_version": 0,
          "attributes": {
            "arn": "arn:aws:ec2:us-west-2:277741577842:internet-gateway/igw-045116d7ea8df1a04",
            "id": "igw-045116d7ea8df1a04",
            "owner_id": "277741577842",
            "tags": {
              "Kind": "practice",
              "Name": "tf-igw"
            },
            "tags_all": {
              "Kind": "practice",
              "Name": "tf-igw"
            },
            "timeouts": null,
            "vpc_id": "vpc-02d9ece77d4d1e696"
          },
          "sensitive_attributes": [],
          "private": "eyJlMmJmYjczMC1lY2FhLTExZTYtOGY4OC0zNDM2M2JjN2M0YzAiOnsiY3JlYXRlIjoxMjAwMDAwMDAwMDAwLCJkZWxldGUiOjEyMDAwMDAwMDAwMDAsInVwZGF0ZSI6MTIwMDAwMDAwMDAwMH19",
          "dependencies": [
            "module.my_vpc.aws_vpc.my_vpc"
          ]
        }
      ]
    },
    {
      "module": "module.my_vpc",
      "mode": "managed",
      "type": "aws_vpc",
      "name": "my_vpc",
      "provider": "provider[\"registry.terraform.io/hashicorp/aws\"]",
      "instances": [
        {
          "schema_version": 1,
          "attributes": {
            "arn": "arn:aws:ec2:us-west-2:277741577842:vpc/vpc-02d9ece77d4d1e696",
            "assign_generated_ipv6_cidr_block": false,
            "cidr_block": "172.16.0.0/16",
            "default_network_acl_id": "acl-033b96ac2d7053e9e",
            "default_route_table_id": "rtb-0321189a952f9366c",
            "default_security_group_id": "sg-0b15b218e79d83ed2",
            "dhcp_options_id": "dopt-0bd0b9e52d54fe088",
            "enable_dns_hostnames": false,
            "enable_dns_support": true,
            "enable_network_address_usage_metrics": false,
            "id": "vpc-02d9ece77d4d1e696",
            "instance_tenancy": "default",
            "ipv4_ipam_pool_id": null,
            "ipv4_netmask_length": null,
            "ipv6_association_id": "",
            "ipv6_cidr_block": "",
            "ipv6_cidr_block_network_border_group": "",
            "ipv6_ipam_pool_id": "",
            "ipv6_netmask_length": 0,
            "main_route_table_id": "rtb-0321189a952f9366c",
            "owner_id": "277741577842",
            "tags": {
              "Kind": "practice",
              "Name": "tf-vpc"
            },
            "tags_all": {
              "Kind": "practice",
              "Name": "tf-vpc"
            }
          },
          "sensitive_attributes": [],
          "private": "eyJzY2hlbWFfdmVyc2lvbiI6IjEifQ=="
        }
      ]
    },
    {
      "module": "module.nat",
      "mode": "managed",
      "type": "aws_nat_gateway",
      "name": "my_nat",
      "provider": "provider[\"registry.terraform.io/hashicorp/aws\"]",
      "instances": [
        {
          "schema_version": 0,
          "attributes": {
            "allocation_id": "eipalloc-065ff0b7aa44d2b81",
            "association_id": "eipassoc-018b6cdf0e61e3323",
            "connectivity_type": "public",
            "id": "nat-0ed0c058b8ecc8ba9",
            "network_interface_id": "eni-00324b1de2816e139",
            "private_ip": "172.16.1.88",
            "public_ip": "52.11.143.223",
            "secondary_allocation_ids": null,
            "secondary_private_ip_address_count": 0,
            "secondary_private_ip_addresses": [],
            "subnet_id": "subnet-02cdf30352a50f14b",
            "tags": {
              "Kind": "practice",
              "Name": "tf-nat-1"
            },
            "tags_all": {
              "Kind": "practice",
              "Name": "tf-nat-1"
            },
            "timeouts": null
          },
          "sensitive_attributes": [],
          "private": "eyJlMmJmYjczMC1lY2FhLTExZTYtOGY4OC0zNDM2M2JjN2M0YzAiOnsiY3JlYXRlIjo2MDAwMDAwMDAwMDAsImRlbGV0ZSI6MTgwMDAwMDAwMDAwMCwidXBkYXRlIjo2MDAwMDAwMDAwMDB9fQ==",
          "dependencies": [
            "module.eip.aws_eip.my_eip",
            "module.igw.aws_internet_gateway.my_igw",
            "module.my_vpc.aws_vpc.my_vpc",
            "module.subnet-pub-1a.aws_subnet.subnet"
          ]
        }
      ]
    },
    {
      "module": "module.private_rt",
      "mode": "managed",
      "type": "aws_route_table",
      "name": "my_rt",
      "provider": "provider[\"registry.terraform.io/hashicorp/aws\"]",
      "instances": [
        {
          "schema_version": 0,
          "attributes": {
            "arn": "arn:aws:ec2:us-west-2:277741577842:route-table/rtb-0966bca42d58d2fe5",
            "id": "rtb-0966bca42d58d2fe5",
            "owner_id": "277741577842",
            "propagating_vgws": [],
            "route": [
              {
                "carrier_gateway_id": "",
                "cidr_block": "0.0.0.0/0",
                "core_network_arn": "",
                "destination_prefix_list_id": "",
                "egress_only_gateway_id": "",
                "gateway_id": "nat-0ed0c058b8ecc8ba9",
                "ipv6_cidr_block": "",
                "local_gateway_id": "",
                "nat_gateway_id": "",
                "network_interface_id": "",
                "transit_gateway_id": "",
                "vpc_endpoint_id": "",
                "vpc_peering_connection_id": ""
              }
            ],
            "tags": {
              "Kind": "practice",
              "Name": "tf-rt-private"
            },
            "tags_all": {
              "Kind": "practice",
              "Name": "tf-rt-private"
            },
            "timeouts": null,
            "vpc_id": "vpc-02d9ece77d4d1e696"
          },
          "sensitive_attributes": [],
          "private": "eyJlMmJmYjczMC1lY2FhLTExZTYtOGY4OC0zNDM2M2JjN2M0YzAiOnsiY3JlYXRlIjozMDAwMDAwMDAwMDAsImRlbGV0ZSI6MzAwMDAwMDAwMDAwLCJ1cGRhdGUiOjEyMDAwMDAwMDAwMH19",
          "dependencies": [
            "module.eip.aws_eip.my_eip",
            "module.igw.aws_internet_gateway.my_igw",
            "module.my_vpc.aws_vpc.my_vpc",
            "module.nat.aws_nat_gateway.my_nat",
            "module.subnet-pub-1a.aws_subnet.subnet"
          ]
        }
      ]
    },
    {
      "module": "module.public_rt",
      "mode": "managed",
      "type": "aws_route_table",
      "name": "my_rt",
      "provider": "provider[\"registry.terraform.io/hashicorp/aws\"]",
      "instances": [
        {
          "schema_version": 0,
          "attributes": {
            "arn": "arn:aws:ec2:us-west-2:277741577842:route-table/rtb-088076dbb9a5bd6ed",
            "id": "rtb-088076dbb9a5bd6ed",
            "owner_id": "277741577842",
            "propagating_vgws": [],
            "route": [
              {
                "carrier_gateway_id": "",
                "cidr_block": "0.0.0.0/0",
                "core_network_arn": "",
                "destination_prefix_list_id": "",
                "egress_only_gateway_id": "",
                "gateway_id": "igw-045116d7ea8df1a04",
                "ipv6_cidr_block": "",
                "local_gateway_id": "",
                "nat_gateway_id": "",
                "network_interface_id": "",
                "transit_gateway_id": "",
                "vpc_endpoint_id": "",
                "vpc_peering_connection_id": ""
              }
            ],
            "tags": {
              "Kind": "practice",
              "Name": "tf-rt-public"
            },
            "tags_all": {
              "Kind": "practice",
              "Name": "tf-rt-public"
            },
            "timeouts": null,
            "vpc_id": "vpc-02d9ece77d4d1e696"
          },
          "sensitive_attributes": [],
          "private": "eyJlMmJmYjczMC1lY2FhLTExZTYtOGY4OC0zNDM2M2JjN2M0YzAiOnsiY3JlYXRlIjozMDAwMDAwMDAwMDAsImRlbGV0ZSI6MzAwMDAwMDAwMDAwLCJ1cGRhdGUiOjEyMDAwMDAwMDAwMH19",
          "dependencies": [
            "module.igw.aws_internet_gateway.my_igw",
            "module.my_vpc.aws_vpc.my_vpc"
          ]
        }
      ]
    },
    {
      "module": "module.rt_ass_priv_1a",
      "mode": "managed",
      "type": "aws_route_table_association",
      "name": "rt_association",
      "provider": "provider[\"registry.terraform.io/hashicorp/aws\"]",
      "instances": [
        {
          "schema_version": 0,
          "attributes": {
            "gateway_id": "",
            "id": "rtbassoc-0814c6e01cea52d07",
            "route_table_id": "rtb-0966bca42d58d2fe5",
            "subnet_id": "subnet-0dbed1bf1984fc170",
            "timeouts": null
          },
          "sensitive_attributes": [],
          "private": "eyJlMmJmYjczMC1lY2FhLTExZTYtOGY4OC0zNDM2M2JjN2M0YzAiOnsiY3JlYXRlIjozMDAwMDAwMDAwMDAsImRlbGV0ZSI6MzAwMDAwMDAwMDAwLCJ1cGRhdGUiOjEyMDAwMDAwMDAwMH19",
          "dependencies": [
            "module.eip.aws_eip.my_eip",
            "module.igw.aws_internet_gateway.my_igw",
            "module.my_vpc.aws_vpc.my_vpc",
            "module.nat.aws_nat_gateway.my_nat",
            "module.private_rt.aws_route_table.my_rt",
            "module.subnet-priv-1a.aws_subnet.subnet",
            "module.subnet-pub-1a.aws_subnet.subnet"
          ]
        }
      ]
    },
    {
      "module": "module.rt_ass_priv_1b",
      "mode": "managed",
      "type": "aws_route_table_association",
      "name": "rt_association",
      "provider": "provider[\"registry.terraform.io/hashicorp/aws\"]",
      "instances": [
        {
          "schema_version": 0,
          "attributes": {
            "gateway_id": "",
            "id": "rtbassoc-01c262a423fa0a269",
            "route_table_id": "rtb-0966bca42d58d2fe5",
            "subnet_id": "subnet-082c0f571f7b3e706",
            "timeouts": null
          },
          "sensitive_attributes": [],
          "private": "eyJlMmJmYjczMC1lY2FhLTExZTYtOGY4OC0zNDM2M2JjN2M0YzAiOnsiY3JlYXRlIjozMDAwMDAwMDAwMDAsImRlbGV0ZSI6MzAwMDAwMDAwMDAwLCJ1cGRhdGUiOjEyMDAwMDAwMDAwMH19",
          "dependencies": [
            "module.eip.aws_eip.my_eip",
            "module.igw.aws_internet_gateway.my_igw",
            "module.my_vpc.aws_vpc.my_vpc",
            "module.nat.aws_nat_gateway.my_nat",
            "module.private_rt.aws_route_table.my_rt",
            "module.subnet-priv-1b.aws_subnet.subnet",
            "module.subnet-pub-1a.aws_subnet.subnet"
          ]
        }
      ]
    },
    {
      "module": "module.rt_ass_pub_1a",
      "mode": "managed",
      "type": "aws_route_table_association",
      "name": "rt_association",
      "provider": "provider[\"registry.terraform.io/hashicorp/aws\"]",
      "instances": [
        {
          "schema_version": 0,
          "attributes": {
            "gateway_id": "",
            "id": "rtbassoc-00a876686d1cffb10",
            "route_table_id": "rtb-088076dbb9a5bd6ed",
            "subnet_id": "subnet-02cdf30352a50f14b",
            "timeouts": null
          },
          "sensitive_attributes": [],
          "private": "eyJlMmJmYjczMC1lY2FhLTExZTYtOGY4OC0zNDM2M2JjN2M0YzAiOnsiY3JlYXRlIjozMDAwMDAwMDAwMDAsImRlbGV0ZSI6MzAwMDAwMDAwMDAwLCJ1cGRhdGUiOjEyMDAwMDAwMDAwMH19",
          "dependencies": [
            "module.igw.aws_internet_gateway.my_igw",
            "module.my_vpc.aws_vpc.my_vpc",
            "module.public_rt.aws_route_table.my_rt",
            "module.subnet-pub-1a.aws_subnet.subnet"
          ]
        }
      ]
    },
    {
      "module": "module.rt_ass_pub_1b",
      "mode": "managed",
      "type": "aws_route_table_association",
      "name": "rt_association",
      "provider": "provider[\"registry.terraform.io/hashicorp/aws\"]",
      "instances": [
        {
          "schema_version": 0,
          "attributes": {
            "gateway_id": "",
            "id": "rtbassoc-0ba73d5c2acccbdf7",
            "route_table_id": "rtb-088076dbb9a5bd6ed",
            "subnet_id": "subnet-02ee244a39da85b15",
            "timeouts": null
          },
          "sensitive_attributes": [],
          "private": "eyJlMmJmYjczMC1lY2FhLTExZTYtOGY4OC0zNDM2M2JjN2M0YzAiOnsiY3JlYXRlIjozMDAwMDAwMDAwMDAsImRlbGV0ZSI6MzAwMDAwMDAwMDAwLCJ1cGRhdGUiOjEyMDAwMDAwMDAwMH19",
          "dependencies": [
            "module.igw.aws_internet_gateway.my_igw",
            "module.my_vpc.aws_vpc.my_vpc",
            "module.public_rt.aws_route_table.my_rt",
            "module.subnet-pub-1b.aws_subnet.subnet"
          ]
        }
      ]
    },
    {
      "module": "module.rt_ass_rds_priv_1a",
      "mode": "managed",
      "type": "aws_route_table_association",
      "name": "rt_association",
      "provider": "provider[\"registry.terraform.io/hashicorp/aws\"]",
      "instances": [
        {
          "schema_version": 0,
          "attributes": {
            "gateway_id": "",
            "id": "rtbassoc-04178a348906d1002",
            "route_table_id": "rtb-0966bca42d58d2fe5",
            "subnet_id": "subnet-057d7a7298d978eb2",
            "timeouts": null
          },
          "sensitive_attributes": [],
          "private": "eyJlMmJmYjczMC1lY2FhLTExZTYtOGY4OC0zNDM2M2JjN2M0YzAiOnsiY3JlYXRlIjozMDAwMDAwMDAwMDAsImRlbGV0ZSI6MzAwMDAwMDAwMDAwLCJ1cGRhdGUiOjEyMDAwMDAwMDAwMH19",
          "dependencies": [
            "module.eip.aws_eip.my_eip",
            "module.igw.aws_internet_gateway.my_igw",
            "module.my_vpc.aws_vpc.my_vpc",
            "module.nat.aws_nat_gateway.my_nat",
            "module.private_rt.aws_route_table.my_rt",
            "module.subnet-pub-1a.aws_subnet.subnet",
            "module.subnet-rds-priv-1a.aws_subnet.subnet"
          ]
        }
      ]
    },
    {
      "module": "module.rt_ass_rds_priv_1b",
      "mode": "managed",
      "type": "aws_route_table_association",
      "name": "rt_association",
      "provider": "provider[\"registry.terraform.io/hashicorp/aws\"]",
      "instances": [
        {
          "schema_version": 0,
          "attributes": {
            "gateway_id": "",
            "id": "rtbassoc-0dd44d233c158374b",
            "route_table_id": "rtb-0966bca42d58d2fe5",
            "subnet_id": "subnet-0d2e91d109126a5c7",
            "timeouts": null
          },
          "sensitive_attributes": [],
          "private": "eyJlMmJmYjczMC1lY2FhLTExZTYtOGY4OC0zNDM2M2JjN2M0YzAiOnsiY3JlYXRlIjozMDAwMDAwMDAwMDAsImRlbGV0ZSI6MzAwMDAwMDAwMDAwLCJ1cGRhdGUiOjEyMDAwMDAwMDAwMH19",
          "dependencies": [
            "module.eip.aws_eip.my_eip",
            "module.igw.aws_internet_gateway.my_igw",
            "module.my_vpc.aws_vpc.my_vpc",
            "module.nat.aws_nat_gateway.my_nat",
            "module.private_rt.aws_route_table.my_rt",
            "module.subnet-pub-1a.aws_subnet.subnet",
            "module.subnet-rds-priv-1b.aws_subnet.subnet"
          ]
        }
      ]
    },
    {
      "module": "module.sg_alb_app",
      "mode": "managed",
      "type": "aws_security_group",
      "name": "sg",
      "provider": "provider[\"registry.terraform.io/hashicorp/aws\"]",
      "instances": [
        {
          "schema_version": 1,
          "attributes": {
            "arn": "arn:aws:ec2:us-west-2:277741577842:security-group/sg-02c368967fbd89395",
            "description": " SG for APP ALB",
            "egress": [
              {
                "cidr_blocks": [
                  "0.0.0.0/0"
                ],
                "description": "allow",
                "from_port": 0,
                "ipv6_cidr_blocks": [],
                "prefix_list_ids": [],
                "protocol": "-1",
                "security_groups": [],
                "self": false,
                "to_port": 0
              }
            ],
            "id": "sg-02c368967fbd89395",
            "ingress": [
              {
                "cidr_blocks": [
                  "0.0.0.0/0"
                ],
                "description": "allow on 443",
                "from_port": 443,
                "ipv6_cidr_blocks": [],
                "prefix_list_ids": [],
                "protocol": "tcp",
                "security_groups": [],
                "self": false,
                "to_port": 443
              },
              {
                "cidr_blocks": [
                  "0.0.0.0/0"
                ],
                "description": "allow on 80",
                "from_port": 80,
                "ipv6_cidr_blocks": [],
                "prefix_list_ids": [],
                "protocol": "tcp",
                "security_groups": [],
                "self": false,
                "to_port": 80
              }
            ],
            "name": "app-alb-sg",
            "name_prefix": "",
            "owner_id": "277741577842",
            "revoke_rules_on_delete": false,
            "tags": {
              "Kind": "practice",
              "Name": "tf-app-alb-sg"
            },
            "tags_all": {
              "Kind": "practice",
              "Name": "tf-app-alb-sg"
            },
            "timeouts": null,
            "vpc_id": "vpc-02d9ece77d4d1e696"
          },
          "sensitive_attributes": [],
          "private": "eyJlMmJmYjczMC1lY2FhLTExZTYtOGY4OC0zNDM2M2JjN2M0YzAiOnsiY3JlYXRlIjo2MDAwMDAwMDAwMDAsImRlbGV0ZSI6OTAwMDAwMDAwMDAwfSwic2NoZW1hX3ZlcnNpb24iOiIxIn0=",
          "dependencies": [
            "module.my_vpc.aws_vpc.my_vpc"
          ]
        }
      ]
    },
    {
      "module": "module.sg_alb_web",
      "mode": "managed",
      "type": "aws_security_group",
      "name": "sg",
      "provider": "provider[\"registry.terraform.io/hashicorp/aws\"]",
      "instances": [
        {
          "schema_version": 1,
          "attributes": {
            "arn": "arn:aws:ec2:us-west-2:277741577842:security-group/sg-0d9d6e289c144b011",
            "description": " SG for WEB ALB",
            "egress": [
              {
                "cidr_blocks": [
                  "0.0.0.0/0"
                ],
                "description": "allow",
                "from_port": 0,
                "ipv6_cidr_blocks": [],
                "prefix_list_ids": [],
                "protocol": "-1",
                "security_groups": [],
                "self": false,
                "to_port": 0
              }
            ],
            "id": "sg-0d9d6e289c144b011",
            "ingress": [
              {
                "cidr_blocks": [
                  "0.0.0.0/0"
                ],
                "description": "allow on 443",
                "from_port": 443,
                "ipv6_cidr_blocks": [],
                "prefix_list_ids": [],
                "protocol": "tcp",
                "security_groups": [],
                "self": false,
                "to_port": 443
              },
              {
                "cidr_blocks": [
                  "0.0.0.0/0"
                ],
                "description": "allow on 80",
                "from_port": 80,
                "ipv6_cidr_blocks": [],
                "prefix_list_ids": [],
                "protocol": "tcp",
                "security_groups": [],
                "self": false,
                "to_port": 80
              }
            ],
            "name": "web-alb-sg",
            "name_prefix": "",
            "owner_id": "277741577842",
            "revoke_rules_on_delete": false,
            "tags": {
              "Kind": "practice",
              "Name": "tf-web-alb-sg"
            },
            "tags_all": {
              "Kind": "practice",
              "Name": "tf-web-alb-sg"
            },
            "timeouts": null,
            "vpc_id": "vpc-02d9ece77d4d1e696"
          },
          "sensitive_attributes": [],
          "private": "eyJlMmJmYjczMC1lY2FhLTExZTYtOGY4OC0zNDM2M2JjN2M0YzAiOnsiY3JlYXRlIjo2MDAwMDAwMDAwMDAsImRlbGV0ZSI6OTAwMDAwMDAwMDAwfSwic2NoZW1hX3ZlcnNpb24iOiIxIn0=",
          "dependencies": [
            "module.my_vpc.aws_vpc.my_vpc"
          ]
        }
      ]
    },
    {
      "module": "module.sg_app_server",
      "mode": "managed",
      "type": "aws_security_group",
      "name": "sg",
      "provider": "provider[\"registry.terraform.io/hashicorp/aws\"]",
      "instances": [
        {
          "schema_version": 1,
          "attributes": {
            "arn": "arn:aws:ec2:us-west-2:277741577842:security-group/sg-0e8e4c776c2f78424",
            "description": " SG for app_server",
            "egress": [
              {
                "cidr_blocks": [
                  "0.0.0.0/0"
                ],
                "description": "allow",
                "from_port": 0,
                "ipv6_cidr_blocks": [],
                "prefix_list_ids": [],
                "protocol": "-1",
                "security_groups": [],
                "self": false,
                "to_port": 0
              }
            ],
            "id": "sg-0e8e4c776c2f78424",
            "ingress": [
              {
                "cidr_blocks": [],
                "description": "allow on 443",
                "from_port": 443,
                "ipv6_cidr_blocks": [],
                "prefix_list_ids": [],
                "protocol": "tcp",
                "security_groups": [
                  "sg-0d9d6e289c144b011"
                ],
                "self": false,
                "to_port": 443
              },
              {
                "cidr_blocks": [],
                "description": "allow on 80",
                "from_port": 80,
                "ipv6_cidr_blocks": [],
                "prefix_list_ids": [],
                "protocol": "tcp",
                "security_groups": [
                  "sg-0d9d6e289c144b011"
                ],
                "self": false,
                "to_port": 80
              }
            ],
            "name": "app_server-sg",
            "name_prefix": "",
            "owner_id": "277741577842",
            "revoke_rules_on_delete": false,
            "tags": {
              "Kind": "practice",
              "Name": "tf-app_server-sg"
            },
            "tags_all": {
              "Kind": "practice",
              "Name": "tf-app_server-sg"
            },
            "timeouts": null,
            "vpc_id": "vpc-02d9ece77d4d1e696"
          },
          "sensitive_attributes": [],
          "private": "eyJlMmJmYjczMC1lY2FhLTExZTYtOGY4OC0zNDM2M2JjN2M0YzAiOnsiY3JlYXRlIjo2MDAwMDAwMDAwMDAsImRlbGV0ZSI6OTAwMDAwMDAwMDAwfSwic2NoZW1hX3ZlcnNpb24iOiIxIn0=",
          "dependencies": [
            "module.my_vpc.aws_vpc.my_vpc",
            "module.sg_alb_web.aws_security_group.sg"
          ]
        }
      ]
    },
    {
      "module": "module.sg_rds",
      "mode": "managed",
      "type": "aws_security_group",
      "name": "sg",
      "provider": "provider[\"registry.terraform.io/hashicorp/aws\"]",
      "instances": [
        {
          "schema_version": 1,
          "attributes": {
            "arn": "arn:aws:ec2:us-west-2:277741577842:security-group/sg-0a22143682acb51af",
            "description": "SG for rds",
            "egress": [
              {
                "cidr_blocks": [],
                "description": "allow",
                "from_port": 3306,
                "ipv6_cidr_blocks": [],
                "prefix_list_ids": [],
                "protocol": "tcp",
                "security_groups": [
                  "sg-0e8e4c776c2f78424"
                ],
                "self": false,
                "to_port": 3306
              }
            ],
            "id": "sg-0a22143682acb51af",
            "ingress": [
              {
                "cidr_blocks": [],
                "description": "allow on 3306",
                "from_port": 3306,
                "ipv6_cidr_blocks": [],
                "prefix_list_ids": [],
                "protocol": "tcp",
                "security_groups": [
                  "sg-0e8e4c776c2f78424"
                ],
                "self": false,
                "to_port": 3306
              }
            ],
            "name": "tf_sg_rds",
            "name_prefix": "",
            "owner_id": "277741577842",
            "revoke_rules_on_delete": false,
            "tags": {
              "Kind": "practice",
              "Name": "tf-db-sg"
            },
            "tags_all": {
              "Kind": "practice",
              "Name": "tf-db-sg"
            },
            "timeouts": null,
            "vpc_id": "vpc-02d9ece77d4d1e696"
          },
          "sensitive_attributes": [],
          "private": "eyJlMmJmYjczMC1lY2FhLTExZTYtOGY4OC0zNDM2M2JjN2M0YzAiOnsiY3JlYXRlIjo2MDAwMDAwMDAwMDAsImRlbGV0ZSI6OTAwMDAwMDAwMDAwfSwic2NoZW1hX3ZlcnNpb24iOiIxIn0=",
          "dependencies": [
            "module.my_vpc.aws_vpc.my_vpc",
            "module.sg_alb_web.aws_security_group.sg",
            "module.sg_app_server.aws_security_group.sg"
          ]
        }
      ]
    },
    {
      "module": "module.sg_web_server",
      "mode": "managed",
      "type": "aws_security_group",
      "name": "sg",
      "provider": "provider[\"registry.terraform.io/hashicorp/aws\"]",
      "instances": [
        {
          "schema_version": 1,
          "attributes": {
            "arn": "arn:aws:ec2:us-west-2:277741577842:security-group/sg-012f2edebb33e5b12",
            "description": " SG for web_server",
            "egress": [
              {
                "cidr_blocks": [
                  "0.0.0.0/0"
                ],
                "description": "allow",
                "from_port": 0,
                "ipv6_cidr_blocks": [],
                "prefix_list_ids": [],
                "protocol": "-1",
                "security_groups": [],
                "self": false,
                "to_port": 0
              }
            ],
            "id": "sg-012f2edebb33e5b12",
            "ingress": [
              {
                "cidr_blocks": [],
                "description": "allow on 443",
                "from_port": 443,
                "ipv6_cidr_blocks": [],
                "prefix_list_ids": [],
                "protocol": "tcp",
                "security_groups": [
                  "sg-0d9d6e289c144b011"
                ],
                "self": false,
                "to_port": 443
              },
              {
                "cidr_blocks": [],
                "description": "allow on 80",
                "from_port": 80,
                "ipv6_cidr_blocks": [],
                "prefix_list_ids": [],
                "protocol": "tcp",
                "security_groups": [
                  "sg-0d9d6e289c144b011"
                ],
                "self": false,
                "to_port": 80
              }
            ],
            "name": "web_server-sg",
            "name_prefix": "",
            "owner_id": "277741577842",
            "revoke_rules_on_delete": false,
            "tags": {
              "Kind": "practice",
              "Name": "tf-web_server-sg"
            },
            "tags_all": {
              "Kind": "practice",
              "Name": "tf-web_server-sg"
            },
            "timeouts": null,
            "vpc_id": "vpc-02d9ece77d4d1e696"
          },
          "sensitive_attributes": [],
          "private": "eyJlMmJmYjczMC1lY2FhLTExZTYtOGY4OC0zNDM2M2JjN2M0YzAiOnsiY3JlYXRlIjo2MDAwMDAwMDAwMDAsImRlbGV0ZSI6OTAwMDAwMDAwMDAwfSwic2NoZW1hX3ZlcnNpb24iOiIxIn0=",
          "dependencies": [
            "module.my_vpc.aws_vpc.my_vpc",
            "module.sg_alb_web.aws_security_group.sg"
          ]
        }
      ]
    },
    {
      "module": "module.subnet-priv-1a",
      "mode": "managed",
      "type": "aws_subnet",
      "name": "subnet",
      "provider": "provider[\"registry.terraform.io/hashicorp/aws\"]",
      "instances": [
        {
          "schema_version": 1,
          "attributes": {
            "arn": "arn:aws:ec2:us-west-2:277741577842:subnet/subnet-0dbed1bf1984fc170",
            "assign_ipv6_address_on_creation": false,
            "availability_zone": "us-west-2a",
            "availability_zone_id": "usw2-az1",
            "cidr_block": "172.16.3.0/24",
            "customer_owned_ipv4_pool": "",
            "enable_dns64": false,
            "enable_lni_at_device_index": 0,
            "enable_resource_name_dns_a_record_on_launch": false,
            "enable_resource_name_dns_aaaa_record_on_launch": false,
            "id": "subnet-0dbed1bf1984fc170",
            "ipv6_cidr_block": "",
            "ipv6_cidr_block_association_id": "",
            "ipv6_native": false,
            "map_customer_owned_ip_on_launch": false,
            "map_public_ip_on_launch": false,
            "outpost_arn": "",
            "owner_id": "277741577842",
            "private_dns_hostname_type_on_launch": "ip-name",
            "tags": {
              "Kind": "practice",
              "Name": "tf-priv-us-west-2a"
            },
            "tags_all": {
              "Kind": "practice",
              "Name": "tf-priv-us-west-2a"
            },
            "timeouts": null,
            "vpc_id": "vpc-02d9ece77d4d1e696"
          },
          "sensitive_attributes": [],
          "private": "eyJlMmJmYjczMC1lY2FhLTExZTYtOGY4OC0zNDM2M2JjN2M0YzAiOnsiY3JlYXRlIjo2MDAwMDAwMDAwMDAsImRlbGV0ZSI6MTIwMDAwMDAwMDAwMH0sInNjaGVtYV92ZXJzaW9uIjoiMSJ9",
          "dependencies": [
            "module.my_vpc.aws_vpc.my_vpc"
          ]
        }
      ]
    },
    {
      "module": "module.subnet-priv-1b",
      "mode": "managed",
      "type": "aws_subnet",
      "name": "subnet",
      "provider": "provider[\"registry.terraform.io/hashicorp/aws\"]",
      "instances": [
        {
          "schema_version": 1,
          "attributes": {
            "arn": "arn:aws:ec2:us-west-2:277741577842:subnet/subnet-082c0f571f7b3e706",
            "assign_ipv6_address_on_creation": false,
            "availability_zone": "us-west-2b",
            "availability_zone_id": "usw2-az2",
            "cidr_block": "172.16.4.0/24",
            "customer_owned_ipv4_pool": "",
            "enable_dns64": false,
            "enable_lni_at_device_index": 0,
            "enable_resource_name_dns_a_record_on_launch": false,
            "enable_resource_name_dns_aaaa_record_on_launch": false,
            "id": "subnet-082c0f571f7b3e706",
            "ipv6_cidr_block": "",
            "ipv6_cidr_block_association_id": "",
            "ipv6_native": false,
            "map_customer_owned_ip_on_launch": false,
            "map_public_ip_on_launch": false,
            "outpost_arn": "",
            "owner_id": "277741577842",
            "private_dns_hostname_type_on_launch": "ip-name",
            "tags": {
              "Kind": "practice",
              "Name": "tf-priv-us-west-2b"
            },
            "tags_all": {
              "Kind": "practice",
              "Name": "tf-priv-us-west-2b"
            },
            "timeouts": null,
            "vpc_id": "vpc-02d9ece77d4d1e696"
          },
          "sensitive_attributes": [],
          "private": "eyJlMmJmYjczMC1lY2FhLTExZTYtOGY4OC0zNDM2M2JjN2M0YzAiOnsiY3JlYXRlIjo2MDAwMDAwMDAwMDAsImRlbGV0ZSI6MTIwMDAwMDAwMDAwMH0sInNjaGVtYV92ZXJzaW9uIjoiMSJ9",
          "dependencies": [
            "module.my_vpc.aws_vpc.my_vpc"
          ]
        }
      ]
    },
    {
      "module": "module.subnet-pub-1a",
      "mode": "managed",
      "type": "aws_subnet",
      "name": "subnet",
      "provider": "provider[\"registry.terraform.io/hashicorp/aws\"]",
      "instances": [
        {
          "schema_version": 1,
          "attributes": {
            "arn": "arn:aws:ec2:us-west-2:277741577842:subnet/subnet-02cdf30352a50f14b",
            "assign_ipv6_address_on_creation": false,
            "availability_zone": "us-west-2a",
            "availability_zone_id": "usw2-az1",
            "cidr_block": "172.16.1.0/24",
            "customer_owned_ipv4_pool": "",
            "enable_dns64": false,
            "enable_lni_at_device_index": 0,
            "enable_resource_name_dns_a_record_on_launch": false,
            "enable_resource_name_dns_aaaa_record_on_launch": false,
            "id": "subnet-02cdf30352a50f14b",
            "ipv6_cidr_block": "",
            "ipv6_cidr_block_association_id": "",
            "ipv6_native": false,
            "map_customer_owned_ip_on_launch": false,
            "map_public_ip_on_launch": true,
            "outpost_arn": "",
            "owner_id": "277741577842",
            "private_dns_hostname_type_on_launch": "ip-name",
            "tags": {
              "Kind": "practice",
              "Name": "tf-pub-us-west-2a"
            },
            "tags_all": {
              "Kind": "practice",
              "Name": "tf-pub-us-west-2a"
            },
            "timeouts": null,
            "vpc_id": "vpc-02d9ece77d4d1e696"
          },
          "sensitive_attributes": [],
          "private": "eyJlMmJmYjczMC1lY2FhLTExZTYtOGY4OC0zNDM2M2JjN2M0YzAiOnsiY3JlYXRlIjo2MDAwMDAwMDAwMDAsImRlbGV0ZSI6MTIwMDAwMDAwMDAwMH0sInNjaGVtYV92ZXJzaW9uIjoiMSJ9",
          "dependencies": [
            "module.my_vpc.aws_vpc.my_vpc"
          ]
        }
      ]
    },
    {
      "module": "module.subnet-pub-1b",
      "mode": "managed",
      "type": "aws_subnet",
      "name": "subnet",
      "provider": "provider[\"registry.terraform.io/hashicorp/aws\"]",
      "instances": [
        {
          "schema_version": 1,
          "attributes": {
            "arn": "arn:aws:ec2:us-west-2:277741577842:subnet/subnet-02ee244a39da85b15",
            "assign_ipv6_address_on_creation": false,
            "availability_zone": "us-west-2b",
            "availability_zone_id": "usw2-az2",
            "cidr_block": "172.16.2.0/24",
            "customer_owned_ipv4_pool": "",
            "enable_dns64": false,
            "enable_lni_at_device_index": 0,
            "enable_resource_name_dns_a_record_on_launch": false,
            "enable_resource_name_dns_aaaa_record_on_launch": false,
            "id": "subnet-02ee244a39da85b15",
            "ipv6_cidr_block": "",
            "ipv6_cidr_block_association_id": "",
            "ipv6_native": false,
            "map_customer_owned_ip_on_launch": false,
            "map_public_ip_on_launch": true,
            "outpost_arn": "",
            "owner_id": "277741577842",
            "private_dns_hostname_type_on_launch": "ip-name",
            "tags": {
              "Kind": "practice",
              "Name": "tf-pub-us-west-2b"
            },
            "tags_all": {
              "Kind": "practice",
              "Name": "tf-pub-us-west-2b"
            },
            "timeouts": null,
            "vpc_id": "vpc-02d9ece77d4d1e696"
          },
          "sensitive_attributes": [],
          "private": "eyJlMmJmYjczMC1lY2FhLTExZTYtOGY4OC0zNDM2M2JjN2M0YzAiOnsiY3JlYXRlIjo2MDAwMDAwMDAwMDAsImRlbGV0ZSI6MTIwMDAwMDAwMDAwMH0sInNjaGVtYV92ZXJzaW9uIjoiMSJ9",
          "dependencies": [
            "module.my_vpc.aws_vpc.my_vpc"
          ]
        }
      ]
    },
    {
      "module": "module.subnet-rds-priv-1a",
      "mode": "managed",
      "type": "aws_subnet",
      "name": "subnet",
      "provider": "provider[\"registry.terraform.io/hashicorp/aws\"]",
      "instances": [
        {
          "schema_version": 1,
          "attributes": {
            "arn": "arn:aws:ec2:us-west-2:277741577842:subnet/subnet-057d7a7298d978eb2",
            "assign_ipv6_address_on_creation": false,
            "availability_zone": "us-west-2a",
            "availability_zone_id": "usw2-az1",
            "cidr_block": "172.16.5.0/24",
            "customer_owned_ipv4_pool": "",
            "enable_dns64": false,
            "enable_lni_at_device_index": 0,
            "enable_resource_name_dns_a_record_on_launch": false,
            "enable_resource_name_dns_aaaa_record_on_launch": false,
            "id": "subnet-057d7a7298d978eb2",
            "ipv6_cidr_block": "",
            "ipv6_cidr_block_association_id": "",
            "ipv6_native": false,
            "map_customer_owned_ip_on_launch": false,
            "map_public_ip_on_launch": false,
            "outpost_arn": "",
            "owner_id": "277741577842",
            "private_dns_hostname_type_on_launch": "ip-name",
            "tags": {
              "Kind": "practice",
              "Name": "tf-priv-rds-us-west-2a"
            },
            "tags_all": {
              "Kind": "practice",
              "Name": "tf-priv-rds-us-west-2a"
            },
            "timeouts": null,
            "vpc_id": "vpc-02d9ece77d4d1e696"
          },
          "sensitive_attributes": [],
          "private": "eyJlMmJmYjczMC1lY2FhLTExZTYtOGY4OC0zNDM2M2JjN2M0YzAiOnsiY3JlYXRlIjo2MDAwMDAwMDAwMDAsImRlbGV0ZSI6MTIwMDAwMDAwMDAwMH0sInNjaGVtYV92ZXJzaW9uIjoiMSJ9",
          "dependencies": [
            "module.my_vpc.aws_vpc.my_vpc"
          ]
        }
      ]
    },
    {
      "module": "module.subnet-rds-priv-1b",
      "mode": "managed",
      "type": "aws_subnet",
      "name": "subnet",
      "provider": "provider[\"registry.terraform.io/hashicorp/aws\"]",
      "instances": [
        {
          "schema_version": 1,
          "attributes": {
            "arn": "arn:aws:ec2:us-west-2:277741577842:subnet/subnet-0d2e91d109126a5c7",
            "assign_ipv6_address_on_creation": false,
            "availability_zone": "us-west-2b",
            "availability_zone_id": "usw2-az2",
            "cidr_block": "172.16.6.0/24",
            "customer_owned_ipv4_pool": "",
            "enable_dns64": false,
            "enable_lni_at_device_index": 0,
            "enable_resource_name_dns_a_record_on_launch": false,
            "enable_resource_name_dns_aaaa_record_on_launch": false,
            "id": "subnet-0d2e91d109126a5c7",
            "ipv6_cidr_block": "",
            "ipv6_cidr_block_association_id": "",
            "ipv6_native": false,
            "map_customer_owned_ip_on_launch": false,
            "map_public_ip_on_launch": false,
            "outpost_arn": "",
            "owner_id": "277741577842",
            "private_dns_hostname_type_on_launch": "ip-name",
            "tags": {
              "Kind": "practice",
              "Name": "tf-priv-rds-us-west-2b"
            },
            "tags_all": {
              "Kind": "practice",
              "Name": "tf-priv-rds-us-west-2b"
            },
            "timeouts": null,
            "vpc_id": "vpc-02d9ece77d4d1e696"
          },
          "sensitive_attributes": [],
          "private": "eyJlMmJmYjczMC1lY2FhLTExZTYtOGY4OC0zNDM2M2JjN2M0YzAiOnsiY3JlYXRlIjo2MDAwMDAwMDAwMDAsImRlbGV0ZSI6MTIwMDAwMDAwMDAwMH0sInNjaGVtYV92ZXJzaW9uIjoiMSJ9",
          "dependencies": [
            "module.my_vpc.aws_vpc.my_vpc"
          ]
        }
      ]
    },
    {
      "module": "module.web-alb",
      "mode": "managed",
      "type": "aws_lb",
      "name": "my_alb",
      "provider": "provider[\"registry.terraform.io/hashicorp/aws\"]",
      "instances": [
        {
          "schema_version": 0,
          "attributes": {
            "access_logs": [
              {
                "bucket": "",
                "enabled": false,
                "prefix": ""
              }
            ],
            "arn": "arn:aws:elasticloadbalancing:us-west-2:277741577842:loadbalancer/app/tf-webtier-alb/2bd491c89075152c",
            "arn_suffix": "app/tf-webtier-alb/2bd491c89075152c",
            "connection_logs": [
              {
                "bucket": "",
                "enabled": false,
                "prefix": ""
              }
            ],
            "customer_owned_ipv4_pool": "",
            "desync_mitigation_mode": "defensive",
            "dns_name": "tf-webtier-alb-696017967.us-west-2.elb.amazonaws.com",
            "dns_record_client_routing_policy": null,
            "drop_invalid_header_fields": false,
            "enable_cross_zone_load_balancing": true,
            "enable_deletion_protection": false,
            "enable_http2": true,
            "enable_tls_version_and_cipher_suite_headers": false,
            "enable_waf_fail_open": false,
            "enable_xff_client_port": false,
            "enforce_security_group_inbound_rules_on_private_link_traffic": "",
            "id": "arn:aws:elasticloadbalancing:us-west-2:277741577842:loadbalancer/app/tf-webtier-alb/2bd491c89075152c",
            "idle_timeout": 60,
            "internal": false,
            "ip_address_type": "ipv4",
            "load_balancer_type": "application",
            "name": "tf-webtier-alb",
            "name_prefix": "",
            "preserve_host_header": false,
            "security_groups": [
              "sg-0d9d6e289c144b011"
            ],
            "subnet_mapping": [
              {
                "allocation_id": "",
                "ipv6_address": "",
                "outpost_id": "",
                "private_ipv4_address": "",
                "subnet_id": "subnet-02cdf30352a50f14b"
              },
              {
                "allocation_id": "",
                "ipv6_address": "",
                "outpost_id": "",
                "private_ipv4_address": "",
                "subnet_id": "subnet-02ee244a39da85b15"
              }
            ],
            "subnets": [
              "subnet-02cdf30352a50f14b",
              "subnet-02ee244a39da85b15"
            ],
            "tags": {
              "Kind": "practice",
              "Name": "tf-webtier-alb"
            },
            "tags_all": {
              "Kind": "practice",
              "Name": "tf-webtier-alb"
            },
            "timeouts": null,
            "vpc_id": "vpc-02d9ece77d4d1e696",
            "xff_header_processing_mode": "append",
            "zone_id": "Z1H1FL5HABSF5"
          },
          "sensitive_attributes": [],
          "private": "eyJlMmJmYjczMC1lY2FhLTExZTYtOGY4OC0zNDM2M2JjN2M0YzAiOnsiY3JlYXRlIjo2MDAwMDAwMDAwMDAsImRlbGV0ZSI6NjAwMDAwMDAwMDAwLCJ1cGRhdGUiOjYwMDAwMDAwMDAwMH19",
          "dependencies": [
            "module.my_vpc.aws_vpc.my_vpc",
            "module.sg_alb_web.aws_security_group.sg",
            "module.subnet-pub-1a.aws_subnet.subnet",
            "module.subnet-pub-1b.aws_subnet.subnet"
          ]
        }
      ]
    },
    {
      "module": "module.webTier-tg",
      "mode": "managed",
      "type": "aws_lb_target_group",
      "name": "tg",
      "provider": "provider[\"registry.terraform.io/hashicorp/aws\"]",
      "instances": [
        {
          "schema_version": 0,
          "attributes": {
            "arn": "arn:aws:elasticloadbalancing:us-west-2:277741577842:targetgroup/tf-webTier-tg/86c51fb8440caea7",
            "arn_suffix": "targetgroup/tf-webTier-tg/86c51fb8440caea7",
            "connection_termination": null,
            "deregistration_delay": "300",
            "health_check": [
              {
                "enabled": true,
                "healthy_threshold": 5,
                "interval": 30,
                "matcher": "200",
                "path": "/",
                "port": "traffic-port",
                "protocol": "HTTP",
                "timeout": 5,
                "unhealthy_threshold": 2
              }
            ],
            "id": "arn:aws:elasticloadbalancing:us-west-2:277741577842:targetgroup/tf-webTier-tg/86c51fb8440caea7",
            "ip_address_type": "ipv4",
            "lambda_multi_value_headers_enabled": false,
            "load_balancer_arns": [],
            "load_balancing_algorithm_type": "round_robin",
            "load_balancing_anomaly_mitigation": "off",
            "load_balancing_cross_zone_enabled": "use_load_balancer_configuration",
            "name": "tf-webTier-tg",
            "name_prefix": "",
            "port": 80,
            "preserve_client_ip": null,
            "protocol": "HTTP",
            "protocol_version": "HTTP1",
            "proxy_protocol_v2": false,
            "slow_start": 0,
            "stickiness": [
              {
                "cookie_duration": 86400,
                "cookie_name": "",
                "enabled": false,
                "type": "lb_cookie"
              }
            ],
            "tags": {
              "Kind": "practice",
              "Name": "tf-webtier-tg"
            },
            "tags_all": {
              "Kind": "practice",
              "Name": "tf-webtier-tg"
            },
            "target_failover": [
              {
                "on_deregistration": null,
                "on_unhealthy": null
              }
            ],
            "target_health_state": [
              {
                "enable_unhealthy_connection_termination": null
              }
            ],
            "target_type": "instance",
            "vpc_id": "vpc-02d9ece77d4d1e696"
          },
          "sensitive_attributes": [],
          "private": "bnVsbA==",
          "dependencies": [
            "module.my_vpc.aws_vpc.my_vpc"
          ]
        }
      ]
    },
    {
      "module": "module.web_asg1",
      "mode": "managed",
      "type": "aws_autoscaling_group",
      "name": "my_asg1",
      "provider": "provider[\"registry.terraform.io/hashicorp/aws\"]",
      "instances": [
        {
          "schema_version": 1,
          "attributes": {
            "arn": "arn:aws:autoscaling:us-west-2:277741577842:autoScalingGroup:9638a34c-c6d7-4886-90ad-7171ea382714:autoScalingGroupName/terraform-2024030514421398520000000a",
            "availability_zones": [
              "us-west-2a"
            ],
            "capacity_rebalance": false,
            "context": "",
            "default_cooldown": 300,
            "default_instance_warmup": 0,
            "desired_capacity": 1,
            "desired_capacity_type": "",
            "enabled_metrics": null,
            "force_delete": false,
            "force_delete_warm_pool": false,
            "health_check_grace_period": 300,
            "health_check_type": "EC2",
            "id": "terraform-2024030514421398520000000a",
            "ignore_failed_scaling_activities": false,
            "initial_lifecycle_hook": [],
            "instance_maintenance_policy": [],
            "instance_refresh": [],
            "launch_configuration": "",
            "launch_template": [
              {
                "id": "lt-009969a5493322d2f",
                "name": "tf-webserver-20240305144208529200000002",
                "version": "$Latest"
              }
            ],
            "load_balancers": [],
            "max_instance_lifetime": 0,
            "max_size": 1,
            "metrics_granularity": "1Minute",
            "min_elb_capacity": null,
            "min_size": 1,
            "mixed_instances_policy": [],
            "name": "terraform-2024030514421398520000000a",
            "name_prefix": "terraform-",
            "placement_group": "",
            "predicted_capacity": 0,
            "protect_from_scale_in": false,
            "service_linked_role_arn": "arn:aws:iam::277741577842:role/aws-service-role/autoscaling.amazonaws.com/AWSServiceRoleForAutoScaling",
            "suspended_processes": null,
            "tag": [],
            "target_group_arns": [
              "arn:aws:elasticloadbalancing:us-west-2:277741577842:targetgroup/tf-webTier-tg/86c51fb8440caea7"
            ],
            "termination_policies": null,
            "timeouts": null,
            "traffic_source": [
              {
                "identifier": "arn:aws:elasticloadbalancing:us-west-2:277741577842:targetgroup/tf-webTier-tg/86c51fb8440caea7",
                "type": "elbv2"
              }
            ],
            "vpc_zone_identifier": [
              "subnet-02cdf30352a50f14b"
            ],
            "wait_for_capacity_timeout": "10m",
            "wait_for_elb_capacity": null,
            "warm_pool": [],
            "warm_pool_size": 0
          },
          "sensitive_attributes": [],
          "private": "eyJlMmJmYjczMC1lY2FhLTExZTYtOGY4OC0zNDM2M2JjN2M0YzAiOnsiZGVsZXRlIjo2MDAwMDAwMDAwMDAsInVwZGF0ZSI6NjAwMDAwMDAwMDAwfSwic2NoZW1hX3ZlcnNpb24iOiIxIn0=",
          "dependencies": [
            "module.my_vpc.aws_vpc.my_vpc",
            "module.sg_alb_web.aws_security_group.sg",
            "module.sg_web_server.aws_security_group.sg",
            "module.subnet-pub-1a.aws_subnet.subnet",
            "module.webTier-tg.aws_lb_target_group.tg",
            "module.webtier_lt.aws_launch_template.lt"
          ]
        }
      ]
    },
    {
      "module": "module.web_asg2",
      "mode": "managed",
      "type": "aws_autoscaling_group",
      "name": "my_asg1",
      "provider": "provider[\"registry.terraform.io/hashicorp/aws\"]",
      "instances": [
        {
          "schema_version": 1,
          "attributes": {
            "arn": "arn:aws:autoscaling:us-west-2:277741577842:autoScalingGroup:86969aa2-708e-42ed-a854-8bc974c1d9fa:autoScalingGroupName/terraform-20240305144213983600000009",
            "availability_zones": [
              "us-west-2b"
            ],
            "capacity_rebalance": false,
            "context": "",
            "default_cooldown": 300,
            "default_instance_warmup": 0,
            "desired_capacity": 1,
            "desired_capacity_type": "",
            "enabled_metrics": null,
            "force_delete": false,
            "force_delete_warm_pool": false,
            "health_check_grace_period": 300,
            "health_check_type": "EC2",
            "id": "terraform-20240305144213983600000009",
            "ignore_failed_scaling_activities": false,
            "initial_lifecycle_hook": [],
            "instance_maintenance_policy": [],
            "instance_refresh": [],
            "launch_configuration": "",
            "launch_template": [
              {
                "id": "lt-009969a5493322d2f",
                "name": "tf-webserver-20240305144208529200000002",
                "version": "$Latest"
              }
            ],
            "load_balancers": [],
            "max_instance_lifetime": 0,
            "max_size": 1,
            "metrics_granularity": "1Minute",
            "min_elb_capacity": null,
            "min_size": 1,
            "mixed_instances_policy": [],
            "name": "terraform-20240305144213983600000009",
            "name_prefix": "terraform-",
            "placement_group": "",
            "predicted_capacity": 0,
            "protect_from_scale_in": false,
            "service_linked_role_arn": "arn:aws:iam::277741577842:role/aws-service-role/autoscaling.amazonaws.com/AWSServiceRoleForAutoScaling",
            "suspended_processes": null,
            "tag": [],
            "target_group_arns": [
              "arn:aws:elasticloadbalancing:us-west-2:277741577842:targetgroup/tf-webTier-tg/86c51fb8440caea7"
            ],
            "termination_policies": null,
            "timeouts": null,
            "traffic_source": [
              {
                "identifier": "arn:aws:elasticloadbalancing:us-west-2:277741577842:targetgroup/tf-webTier-tg/86c51fb8440caea7",
                "type": "elbv2"
              }
            ],
            "vpc_zone_identifier": [
              "subnet-02ee244a39da85b15"
            ],
            "wait_for_capacity_timeout": "10m",
            "wait_for_elb_capacity": null,
            "warm_pool": [],
            "warm_pool_size": 0
          },
          "sensitive_attributes": [],
          "private": "eyJlMmJmYjczMC1lY2FhLTExZTYtOGY4OC0zNDM2M2JjN2M0YzAiOnsiZGVsZXRlIjo2MDAwMDAwMDAwMDAsInVwZGF0ZSI6NjAwMDAwMDAwMDAwfSwic2NoZW1hX3ZlcnNpb24iOiIxIn0=",
          "dependencies": [
            "module.my_vpc.aws_vpc.my_vpc",
            "module.sg_alb_web.aws_security_group.sg",
            "module.sg_web_server.aws_security_group.sg",
            "module.subnet-pub-1b.aws_subnet.subnet",
            "module.webTier-tg.aws_lb_target_group.tg",
            "module.webtier_lt.aws_launch_template.lt"
          ]
        }
      ]
    },
    {
      "module": "module.webtier_lt",
      "mode": "managed",
      "type": "aws_launch_template",
      "name": "lt",
      "provider": "provider[\"registry.terraform.io/hashicorp/aws\"]",
      "instances": [
        {
          "schema_version": 0,
          "attributes": {
            "arn": "arn:aws:ec2:us-west-2:277741577842:launch-template/lt-009969a5493322d2f",
            "block_device_mappings": [],
            "capacity_reservation_specification": [],
            "cpu_options": [],
            "credit_specification": [],
            "default_version": 1,
            "description": "",
            "disable_api_stop": false,
            "disable_api_termination": false,
            "ebs_optimized": "",
            "elastic_gpu_specifications": [],
            "elastic_inference_accelerator": [],
            "enclave_options": [],
            "hibernation_options": [],
            "iam_instance_profile": [],
            "id": "lt-009969a5493322d2f",
            "image_id": "ami-01450e8988a4e7f44",
            "instance_initiated_shutdown_behavior": "",
            "instance_market_options": [],
            "instance_requirements": [],
            "instance_type": "t2.micro",
            "kernel_id": "",
            "key_name": "tf-keypair",
            "latest_version": 1,
            "license_specification": [],
            "maintenance_options": [],
            "metadata_options": [],
            "monitoring": [],
            "name": "tf-webserver-20240305144208529200000002",
            "name_prefix": "tf-webserver-",
            "network_interfaces": [],
            "placement": [],
            "private_dns_name_options": [],
            "ram_disk_id": "",
            "security_group_names": null,
            "tag_specifications": [],
            "tags": {
              "Kind": "practice",
              "Name": "tf-webtier_lt"
            },
            "tags_all": {
              "Kind": "practice",
              "Name": "tf-webtier_lt"
            },
            "update_default_version": null,
            "user_data": "IyEvYmluL2Jhc2ggLWV4DQogew0KICMgVXBkYXRlIHRoZSBzeXN0ZW0NCiBzdWRvIGRuZiAteSB1cGRhdGUNCiAgIyBJbnN0YWxsIE15U1FMIENvbW11bml0eSBTZXJ2ZXINCiBzdWRvIGRuZiAteSBpbnN0YWxsIGh0dHBzOi8vZGV2Lm15c3FsLmNvbS9nZXQvbXlzcWw4MC1jb21tdW5pdHktcmVsZWFzZS1lbDktMS5ub2FyY2gucnBtDQogc3VkbyBkbmYgLXkgdXBkYXRlDQogc3VkbyBkbmYgLXkgaW5zdGFsbCBteXNxbC1jb21tdW5pdHktc2VydmVyDQogDQogIyBTdGFydCBhbmQgZW5hYmxlIE15U1FMDQogc3VkbyBzeXN0ZW1jdGwgc3RhcnQgbXlzcWxkDQogc3VkbyBzeXN0ZW1jdGwgZW5hYmxlIG15c3FsZA0KIA0KICMgSW5zdGFsbCBBcGFjaGUgYW5kIFBIUA0KIHN1ZG8gZG5mIC15IGluc3RhbGwgaHR0cGQgcGhwDQogDQogIyBTdGFydCBhbmQgZW5hYmxlIEFwYWNoZQ0KIHN1ZG8gc3lzdGVtY3RsIHN0YXJ0IGh0dHBkDQogc3VkbyBzeXN0ZW1jdGwgZW5hYmxlIGh0dHBkDQogY2QgL3Zhci93d3cvaHRtbA0KIHN1ZG8gd2dldCBodHRwczovL2F3cy10Yy1sYXJnZW9iamVjdHMuczMtdXMtd2VzdC0yLmFtYXpvbmF3cy5jb20vSUxULVRGLTIwMC1BQ0FDQUQtMjAtRU4vY2Fwc3RvbmUtcHJvamVjdC9FeGFtcGxlLnppcA0KIHN1ZG8gdW56aXAgRXhhbXBsZS56aXANCiBzdWRvIGNob3duIGFwYWNoZTpyb290IC92YXIvd3d3L2h0bWwvZ2V0LXBhcmFtZXRlcnMucGhwDQogfSAmPiAvdmFyL2xvZy91c2VyX2RhdGEubG9n",
            "vpc_security_group_ids": [
              "sg-012f2edebb33e5b12"
            ]
          },
          "sensitive_attributes": [],
          "private": "bnVsbA==",
          "dependencies": [
            "module.my_vpc.aws_vpc.my_vpc",
            "module.sg_alb_web.aws_security_group.sg",
            "module.sg_web_server.aws_security_group.sg"
          ]
        }
      ]
    }
  ],
  "check_results": null
}
